
Microsoft Visual Studio Solution File, Format Version 12.00
# Visual Studio Version 16
VisualStudioVersion = 16.0.31424.327
MinimumVisualStudioVersion = 10.0.40219.1
Project("{9A19103F-16F7-4668-BE54-9A1E7A4F7556}") = "RegistrationValidation", "RegistrationValidation.csproj", "{88E6D725-1E02-4956-B77D-2C3AF632EBC7}"
EndProject
Project("{FAE04EC0-301F-11D3-BF4B-00C04F79EFBC}") = "RegistrationValidationTest", "..\RegistrationValidationTest\RegistrationValidationTest.csproj", "{CE3F0329-F1D1-485C-9518-60DCF33EA19C}"
EndProject
Global
	GlobalSection(SolutionConfigurationPlatforms) = preSolution
		Debug|Any CPU = Debug|Any CPU
		Release|Any CPU = Release|Any CPU
	EndGlobalSection
	GlobalSection(ProjectConfigurationPlatforms) = postSolution
		{88E6D725-1E02-4956-B77D-2C3AF632EBC7}.Debug|Any CPU.ActiveCfg = Debug|Any CPU
		{88E6D725-1E02-4956-B77D-2C3AF632EBC7}.Debug|Any CPU.Build.0 = Debug|Any CPU
		{88E6D725-1E02-4956-B77D-2C3AF632EBC7}.Release|Any CPU.ActiveCfg = Release|Any CPU
		{88E6D725-1E02-4956-B77D-2C3AF632EBC7}.Release|Any CPU.Build.0 = Release|Any CPU
		{CE3F0329-F1D1-485C-9518-60DCF33EA19C}.Debug|Any CPU.ActiveCfg = Debug|Any CPU
		{CE3F0329-F1D1-485C-9518-60DCF33EA19C}.Debug|Any CPU.Build.0 = Debug|Any CPU
		{CE3F0329-F1D1-485C-9518-60DCF33EA19C}.Release|Any CPU.ActiveCfg = Release|Any CPU
		{CE3F0329-F1D1-485C-9518-60DCF33EA19C}.Release|Any CPU.Build.0 = Release|Any CPU
	EndGlobalSection
	GlobalSection(SolutionProperties) = preSolution
		HideSolutionNode = FALSE
	EndGlobalSection
	GlobalSection(ExtensibilityGlobals) = postSolution
		SolutionGuid = {8BE56296-D63B-408B-9C7E-137963F9DB85}
	EndGlobalSection
EndGlobal
